<Solution>
  <Folder Name="/src/">
    <Project Path="src/WoWAddonLab/WoWAddonLab.csproj" />
    <Project Path="src/WoWAddonLab.Emulator/WoWAddonLab.Emulator.csproj" />
  </Folder>
  <Folder Name="/tests/">
    <Project Path="tests/WoWAddonLab.Tests/WoWAddonLab.Tests.csproj" />
  </Folder>
</Solution>
